
Microsoft Visual Studio Solution File, Format Version 12.00
Project("{FAE04EC0-301F-11D3-BF4B-00C04F79EFBC}") = "AzureWebTest", "AzureWebTest\AzureWebTest.csproj", "{73362543-36A6-402D-A998-6B6D839821FC}"
EndProject
Global
	GlobalSection(SolutionConfigurationPlatforms) = preSolution
		Debug|Any CPU = Debug|Any CPU
		Release|Any CPU = Release|Any CPU
	EndGlobalSection
	GlobalSection(ProjectConfigurationPlatforms) = postSolution
		{73362543-36A6-402D-A998-6B6D839821FC}.Debug|Any CPU.ActiveCfg = Debug|Any CPU
		{73362543-36A6-402D-A998-6B6D839821FC}.Debug|Any CPU.Build.0 = Debug|Any CPU
		{73362543-36A6-402D-A998-6B6D839821FC}.Release|Any CPU.ActiveCfg = Release|Any CPU
		{73362543-36A6-402D-A998-6B6D839821FC}.Release|Any CPU.Build.0 = Release|Any CPU
	EndGlobalSection
EndGlobal
